
Microsoft Visual Studio Solution File, Format Version 12.00
# Visual Studio 15
VisualStudioVersion = 15.0.28307.168
MinimumVisualStudioVersion = 10.0.40219.1
Project("{FAE04EC0-301F-11D3-BF4B-00C04F79EFBC}") = "KTrade.Server", "KTrade.Server\KTrade.Server.csproj", "{5795FEAE-15D8-48D0-8EB9-F365424F492D}"
EndProject
Project("{FAE04EC0-301F-11D3-BF4B-00C04F79EFBC}") = "KTrade.Core", "KTrade.Core\KTrade.Core.csproj", "{519EE253-601D-488F-AFAD-8A58283F841E}"
EndProject
Project("{FAE04EC0-301F-11D3-BF4B-00C04F79EFBC}") = "KTrade.Client", "KTrade.Client\KTrade.Client.csproj", "{658529FA-783B-4091-87B0-DDC22E6F7747}"
EndProject
Global
	GlobalSection(SolutionConfigurationPlatforms) = preSolution
		Debug|Any CPU = Debug|Any CPU
		Release|Any CPU = Release|Any CPU
	EndGlobalSection
	GlobalSection(ProjectConfigurationPlatforms) = postSolution
		{5795FEAE-15D8-48D0-8EB9-F365424F492D}.Debug|Any CPU.ActiveCfg = Debug|Any CPU
		{5795FEAE-15D8-48D0-8EB9-F365424F492D}.Debug|Any CPU.Build.0 = Debug|Any CPU
		{5795FEAE-15D8-48D0-8EB9-F365424F492D}.Release|Any CPU.ActiveCfg = Release|Any CPU
		{5795FEAE-15D8-48D0-8EB9-F365424F492D}.Release|Any CPU.Build.0 = Release|Any CPU
		{519EE253-601D-488F-AFAD-8A58283F841E}.Debug|Any CPU.ActiveCfg = Debug|Any CPU
		{519EE253-601D-488F-AFAD-8A58283F841E}.Debug|Any CPU.Build.0 = Debug|Any CPU
		{519EE253-601D-488F-AFAD-8A58283F841E}.Release|Any CPU.ActiveCfg = Release|Any CPU
		{519EE253-601D-488F-AFAD-8A58283F841E}.Release|Any CPU.Build.0 = Release|Any CPU
		{658529FA-783B-4091-87B0-DDC22E6F7747}.Debug|Any CPU.ActiveCfg = Debug|Any CPU
		{658529FA-783B-4091-87B0-DDC22E6F7747}.Debug|Any CPU.Build.0 = Debug|Any CPU
		{658529FA-783B-4091-87B0-DDC22E6F7747}.Release|Any CPU.ActiveCfg = Release|Any CPU
		{658529FA-783B-4091-87B0-DDC22E6F7747}.Release|Any CPU.Build.0 = Release|Any CPU
	EndGlobalSection
	GlobalSection(SolutionProperties) = preSolution
		HideSolutionNode = FALSE
	EndGlobalSection
	GlobalSection(ExtensibilityGlobals) = postSolution
		SolutionGuid = {03E8DA06-FEA3-4CDF-BB6E-C1DB038517F4}
	EndGlobalSection
EndGlobal
